
Microsoft Visual Studio Solution File, Format Version 12.00
# Visual Studio Version 17
VisualStudioVersion = 17.14.36202.13 d17.14
MinimumVisualStudioVersion = 10.0.40219.1
Project("{FAE04EC0-301F-11D3-BF4B-00C04F79EFBC}") = "Task1", "Task1\Task1.csproj", "{866FA5AA-40C9-4953-A421-F7444F545A18}"
EndProject
Global
	GlobalSection(SolutionConfigurationPlatforms) = preSolution
		Debug|Any CPU = Debug|Any CPU
		Release|Any CPU = Release|Any CPU
	EndGlobalSection
	GlobalSection(ProjectConfigurationPlatforms) = postSolution
		{866FA5AA-40C9-4953-A421-F7444F545A18}.Debug|Any CPU.ActiveCfg = Debug|Any CPU
		{866FA5AA-40C9-4953-A421-F7444F545A18}.Debug|Any CPU.Build.0 = Debug|Any CPU
		{866FA5AA-40C9-4953-A421-F7444F545A18}.Release|Any CPU.ActiveCfg = Release|Any CPU
		{866FA5AA-40C9-4953-A421-F7444F545A18}.Release|Any CPU.Build.0 = Release|Any CPU
	EndGlobalSection
	GlobalSection(SolutionProperties) = preSolution
		HideSolutionNode = FALSE
	EndGlobalSection
	GlobalSection(ExtensibilityGlobals) = postSolution
		SolutionGuid = {46732E57-C886-48EC-990D-84E06DA4A7D1}
	EndGlobalSection
EndGlobal
